
Microsoft Visual Studio Solution File, Format Version 12.00
# Visual Studio 15
VisualStudioVersion = 15.0.28307.168
MinimumVisualStudioVersion = 10.0.40219.1
Project("{FAE04EC0-301F-11D3-BF4B-00C04F79EFBC}") = "IPManager", "IPManager\IPManager.csproj", "{1FD190CE-F93E-4AB8-8A90-70EF98E70B8B}"
EndProject
Global
	GlobalSection(SolutionConfigurationPlatforms) = preSolution
		Debug|Any CPU = Debug|Any CPU
		Release|Any CPU = Release|Any CPU
	EndGlobalSection
	GlobalSection(ProjectConfigurationPlatforms) = postSolution
		{1FD190CE-F93E-4AB8-8A90-70EF98E70B8B}.Debug|Any CPU.ActiveCfg = Debug|Any CPU
		{1FD190CE-F93E-4AB8-8A90-70EF98E70B8B}.Debug|Any CPU.Build.0 = Debug|Any CPU
		{1FD190CE-F93E-4AB8-8A90-70EF98E70B8B}.Release|Any CPU.ActiveCfg = Release|Any CPU
		{1FD190CE-F93E-4AB8-8A90-70EF98E70B8B}.Release|Any CPU.Build.0 = Release|Any CPU
	EndGlobalSection
	GlobalSection(SolutionProperties) = preSolution
		HideSolutionNode = FALSE
	EndGlobalSection
	GlobalSection(ExtensibilityGlobals) = postSolution
		SolutionGuid = {908EA01A-496E-40A5-BA83-D5CB612AE43B}
	EndGlobalSection
EndGlobal
